// !$*UTF8*$!
{
	archiveVersion = 1;
	classes = {
	};
	objectVersion = 51;
	objects = {

/* Begin PBXBuildFile section */
		35E736A0256B27E200E10364 /* JoinRoomTableViewController.swift in Sources */ = {isa = PBXBuildFile; fileRef = 35E7369F256B27E200E10364 /* JoinRoomTableViewController.swift */; };
		3F4C9B92256AD53C004748F9 /* AppDelegate.swift in Sources */ = {isa = PBXBuildFile; fileRef = 3F4C9B91256AD53C004748F9 /* AppDelegate.swift */; };
		3F4C9B94256AD53C004748F9 /* SceneDelegate.swift in Sources */ = {isa = PBXBuildFile; fileRef = 3F4C9B93256AD53C004748F9 /* SceneDelegate.swift */; };
		3F4C9B99256AD53C004748F9 /* Main.storyboard in Resources */ = {isa = PBXBuildFile; fileRef = 3F4C9B97256AD53C004748F9 /* Main.storyboard */; };
		3F4C9B9B256AD53E004748F9 /* Assets.xcassets in Resources */ = {isa = PBXBuildFile; fileRef = 3F4C9B9A256AD53E004748F9 /* Assets.xcassets */; };
		3F4C9B9E256AD53E004748F9 /* LaunchScreen.storyboard in Resources */ = {isa = PBXBuildFile; fileRef = 3F4C9B9C256AD53E004748F9 /* LaunchScreen.storyboard */; };
		3F4C9BA9256B3B2C004748F9 /* StartRoomViewController.swift in Sources */ = {isa = PBXBuildFile; fileRef = 3F4C9BA8256B3B2C004748F9 /* StartRoomViewController.swift */; };
		3F4C9BB2256B4A22004748F9 /* ConfigVariables.swift in Sources */ = {isa = PBXBuildFile; fileRef = 3F4C9BB1256B4A22004748F9 /* ConfigVariables.swift */; };
		3FEBFC4A256C0F5C003BE7A7 /* SwipeViewController.swift in Sources */ = {isa = PBXBuildFile; fileRef = 3FEBFC49256C0F5C003BE7A7 /* SwipeViewController.swift */; };
		3FEBFC5A256C1167003BE7A7 /* StackContainerView.swift in Sources */ = {isa = PBXBuildFile; fileRef = 3FEBFC59256C1167003BE7A7 /* StackContainerView.swift */; };
		3FEBFC5D256C1180003BE7A7 /* SwipeCardView.swift in Sources */ = {isa = PBXBuildFile; fileRef = 3FEBFC5C256C1180003BE7A7 /* SwipeCardView.swift */; };
		6FE0288AEAE0FE657639BD9E /* Pods_foodtindr2.framework in Frameworks */ = {isa = PBXBuildFile; fileRef = 2D7591C7088B36819136E4E1 /* Pods_foodtindr2.framework */; };
/* End PBXBuildFile section */

/* Begin PBXFileReference section */
		2D7591C7088B36819136E4E1 /* Pods_foodtindr2.framework */ = {isa = PBXFileReference; explicitFileType = wrapper.framework; includeInIndex = 0; path = Pods_foodtindr2.framework; sourceTree = BUILT_PRODUCTS_DIR; };
		35E7369F256B27E200E10364 /* JoinRoomTableViewController.swift */ = {isa = PBXFileReference; lastKnownFileType = sourcecode.swift; path = JoinRoomTableViewController.swift; sourceTree = "<group>"; };
		3F4C9B8E256AD53C004748F9 /* foodtindr2.app */ = {isa = PBXFileReference; explicitFileType = wrapper.application; includeInIndex = 0; path = foodtindr2.app; sourceTree = BUILT_PRODUCTS_DIR; };
		3F4C9B91256AD53C004748F9 /* AppDelegate.swift */ = {isa = PBXFileReference; lastKnownFileType = sourcecode.swift; path = AppDelegate.swift; sourceTree = "<group>"; };
		3F4C9B93256AD53C004748F9 /* SceneDelegate.swift */ = {isa = PBXFileReference; lastKnownFileType = sourcecode.swift; path = SceneDelegate.swift; sourceTree = "<group>"; };
		3F4C9B98256AD53C004748F9 /* Base */ = {isa = PBXFileReference; lastKnownFileType = file.storyboard; name = Base; path = Base.lproj/Main.storyboard; sourceTree = "<group>"; };
		3F4C9B9A256AD53E004748F9 /* Assets.xcassets */ = {isa = PBXFileReference; lastKnownFileType = folder.assetcatalog; path = Assets.xcassets; sourceTree = "<group>"; };
		3F4C9B9D256AD53E004748F9 /* Base */ = {isa = PBXFileReference; lastKnownFileType = file.storyboard; name = Base; path = Base.lproj/LaunchScreen.storyboard; sourceTree = "<group>"; };
		3F4C9B9F256AD53E004748F9 /* Info.plist */ = {isa = PBXFileReference; lastKnownFileType = text.plist.xml; path = Info.plist; sourceTree = "<group>"; };
		3F4C9BA8256B3B2C004748F9 /* StartRoomViewController.swift */ = {isa = PBXFileReference; lastKnownFileType = sourcecode.swift; path = StartRoomViewController.swift; sourceTree = "<group>"; };
		3F4C9BB1256B4A22004748F9 /* ConfigVariables.swift */ = {isa = PBXFileReference; lastKnownFileType = sourcecode.swift; path = ConfigVariables.swift; sourceTree = "<group>"; };
		3FEBFC49256C0F5C003BE7A7 /* SwipeViewController.swift */ = {isa = PBXFileReference; lastKnownFileType = sourcecode.swift; path = SwipeViewController.swift; sourceTree = "<group>"; };
		3FEBFC59256C1167003BE7A7 /* StackContainerView.swift */ = {isa = PBXFileReference; fileEncoding = 4; lastKnownFileType = sourcecode.swift; name = StackContainerView.swift; path = ../../../../../TinderSwipeInterface/TinderStack/TinderStack/View/StackContainerView.swift; sourceTree = "<group>"; };
		3FEBFC5C256C1180003BE7A7 /* SwipeCardView.swift */ = {isa = PBXFileReference; fileEncoding = 4; lastKnownFileType = sourcecode.swift; name = SwipeCardView.swift; path = ../../../../../TinderSwipeInterface/TinderStack/TinderStack/View/SwipeCardView.swift; sourceTree = "<group>"; };
		B12C738AA66159D301C7B919 /* Pods-foodtindr2.debug.xcconfig */ = {isa = PBXFileReference; includeInIndex = 1; lastKnownFileType = text.xcconfig; name = "Pods-foodtindr2.debug.xcconfig"; path = "Target Support Files/Pods-foodtindr2/Pods-foodtindr2.debug.xcconfig"; sourceTree = "<group>"; };
		EC2EEBA892FF2A92CAFE7421 /* Pods-foodtindr2.release.xcconfig */ = {isa = PBXFileReference; includeInIndex = 1; lastKnownFileType = text.xcconfig; name = "Pods-foodtindr2.release.xcconfig"; path = "Target Support Files/Pods-foodtindr2/Pods-foodtindr2.release.xcconfig"; sourceTree = "<group>"; };
/* End PBXFileReference section */

/* Begin PBXFrameworksBuildPhase section */
		3F4C9B8B256AD53C004748F9 /* Frameworks */ = {
			isa = PBXFrameworksBuildPhase;
			buildActionMask = 2147483647;
			files = (
				6FE0288AEAE0FE657639BD9E /* Pods_foodtindr2.framework in Frameworks */,
			);
			runOnlyForDeploymentPostprocessing = 0;
		};
/* End PBXFrameworksBuildPhase section */

/* Begin PBXGroup section */
		35095B8B2D02F2D2C8BA19D7 /* Pods */ = {
			isa = PBXGroup;
			children = (
				B12C738AA66159D301C7B919 /* Pods-foodtindr2.debug.xcconfig */,
				EC2EEBA892FF2A92CAFE7421 /* Pods-foodtindr2.release.xcconfig */,
			);
			path = Pods;
			sourceTree = "<group>";
		};
		3F4C9B85256AD53C004748F9 = {
			isa = PBXGroup;
			children = (
				3F4C9B90256AD53C004748F9 /* foodtindr2 */,
				3F4C9B8F256AD53C004748F9 /* Products */,
				35095B8B2D02F2D2C8BA19D7 /* Pods */,
				64C2036E2C2E40BC49D83242 /* Frameworks */,
			);
			sourceTree = "<group>";
		};
		3F4C9B8F256AD53C004748F9 /* Products */ = {
			isa = PBXGroup;
			children = (
				3F4C9B8E256AD53C004748F9 /* foodtindr2.app */,
			);
			name = Products;
			sourceTree = "<group>";
		};
		3F4C9B90256AD53C004748F9 /* foodtindr2 */ = {
			isa = PBXGroup;
			children = (
				3FEBFC55256C10DF003BE7A7 /* Swipe */,
				3F4C9B91256AD53C004748F9 /* AppDelegate.swift */,
				3F4C9B93256AD53C004748F9 /* SceneDelegate.swift */,
				3F4C9B97256AD53C004748F9 /* Main.storyboard */,
				3F4C9B9A256AD53E004748F9 /* Assets.xcassets */,
				3F4C9B9C256AD53E004748F9 /* LaunchScreen.storyboard */,
				3F4C9B9F256AD53E004748F9 /* Info.plist */,
				35E7369F256B27E200E10364 /* JoinRoomTableViewController.swift */,
				3F4C9BA8256B3B2C004748F9 /* StartRoomViewController.swift */,
				3F4C9BB1256B4A22004748F9 /* ConfigVariables.swift */,
			);
			path = foodtindr2;
			sourceTree = "<group>";
		};
		3FEBFC55256C10DF003BE7A7 /* Swipe */ = {
			isa = PBXGroup;
			children = (
				3FEBFC5C256C1180003BE7A7 /* SwipeCardView.swift */,
				3FEBFC59256C1167003BE7A7 /* StackContainerView.swift */,
				3FEBFC49256C0F5C003BE7A7 /* SwipeViewController.swift */,
			);
			path = Swipe;
			sourceTree = "<group>";
		};
		64C2036E2C2E40BC49D83242 /* Frameworks */ = {
			isa = PBXGroup;
			children = (
				2D7591C7088B36819136E4E1 /* Pods_foodtindr2.framework */,
			);
			name = Frameworks;
			sourceTree = "<group>";
		};
/* End PBXGroup section */

/* Begin PBXNativeTarget section */
		3F4C9B8D256AD53C004748F9 /* foodtindr2 */ = {
			isa = PBXNativeTarget;
			buildConfigurationList = 3F4C9BA2256AD53E004748F9 /* Build configuration list for PBXNativeTarget "foodtindr2" */;
			buildPhases = (
				B218C84F8BB89465BDEDF661 /* [CP] Check Pods Manifest.lock */,
				3F4C9B8A256AD53C004748F9 /* Sources */,
				3F4C9B8B256AD53C004748F9 /* Frameworks */,
				3F4C9B8C256AD53C004748F9 /* Resources */,
				A7343B049D03D9822359DF4B /* [CP] Embed Pods Frameworks */,
			);
			buildRules = (
			);
			dependencies = (
			);
			name = foodtindr2;
			productName = foodtindr2;
			productReference = 3F4C9B8E256AD53C004748F9 /* foodtindr2.app */;
			productType = "com.apple.product-type.application";
		};
/* End PBXNativeTarget section */

/* Begin PBXProject section */
		3F4C9B86256AD53C004748F9 /* Project object */ = {
			isa = PBXProject;
			attributes = {
				LastSwiftUpdateCheck = 1220;
				LastUpgradeCheck = 1220;
				TargetAttributes = {
					3F4C9B8D256AD53C004748F9 = {
						CreatedOnToolsVersion = 12.2;
					};
				};
			};
			buildConfigurationList = 3F4C9B89256AD53C004748F9 /* Build configuration list for PBXProject "foodtindr2" */;
			compatibilityVersion = "Xcode 9.3";
			developmentRegion = en;
			hasScannedForEncodings = 0;
			knownRegions = (
				en,
				Base,
			);
			mainGroup = 3F4C9B85256AD53C004748F9;
			productRefGroup = 3F4C9B8F256AD53C004748F9 /* Products */;
			projectDirPath = "";
			projectRoot = "";
			targets = (
				3F4C9B8D256AD53C004748F9 /* foodtindr2 */,
			);
		};
/* End PBXProject section */

/* Begin PBXResourcesBuildPhase section */
		3F4C9B8C256AD53C004748F9 /* Resources */ = {
			isa = PBXResourcesBuildPhase;
			buildActionMask = 2147483647;
			files = (
				3F4C9B9E256AD53E004748F9 /* LaunchScreen.storyboard in Resources */,
				3F4C9B9B256AD53E004748F9 /* Assets.xcassets in Resources */,
				3F4C9B99256AD53C004748F9 /* Main.storyboard in Resources */,
			);
			runOnlyForDeploymentPostprocessing = 0;
		};
/* End PBXResourcesBuildPhase section */

/* Begin PBXShellScriptBuildPhase section */
		A7343B049D03D9822359DF4B /* [CP] Embed Pods Frameworks */ = {
			isa = PBXShellScriptBuildPhase;
			buildActionMask = 2147483647;
			files = (
			);
			inputFileListPaths = (
				"${PODS_ROOT}/Target Support Files/Pods-foodtindr2/Pods-foodtindr2-frameworks-${CONFIGURATION}-input-files.xcfilelist",
			);
			name = "[CP] Embed Pods Frameworks";
			outputFileListPaths = (
				"${PODS_ROOT}/Target Support Files/Pods-foodtindr2/Pods-foodtindr2-frameworks-${CONFIGURATION}-output-files.xcfilelist",
			);
			runOnlyForDeploymentPostprocessing = 0;
			shellPath = /bin/sh;
			shellScript = "\"${PODS_ROOT}/Target Support Files/Pods-foodtindr2/Pods-foodtindr2-frameworks.sh\"\n";
			showEnvVarsInLog = 0;
		};
		B218C84F8BB89465BDEDF661 /* [CP] Check Pods Manifest.lock */ = {
			isa = PBXShellScriptBuildPhase;
			buildActionMask = 2147483647;
			files = (
			);
			inputFileListPaths = (
			);
			inputPaths = (
				"${PODS_PODFILE_DIR_PATH}/Podfile.lock",
				"${PODS_ROOT}/Manifest.lock",
			);
			name = "[CP] Check Pods Manifest.lock";
			outputFileListPaths = (
			);
			outputPaths = (
				"$(DERIVED_FILE_DIR)/Pods-foodtindr2-checkManifestLockResult.txt",
			);
			runOnlyForDeploymentPostprocessing = 0;
			shellPath = /bin/sh;
			shellScript = "diff \"${PODS_PODFILE_DIR_PATH}/Podfile.lock\" \"${PODS_ROOT}/Manifest.lock\" > /dev/null\nif [ $? != 0 ] ; then\n    # print error to STDERR\n    echo \"error: The sandbox is not in sync with the Podfile.lock. Run 'pod install' or update your CocoaPods installation.\" >&2\n    exit 1\nfi\n# This output is used by Xcode 'outputs' to avoid re-running this script phase.\necho \"SUCCESS\" > \"${SCRIPT_OUTPUT_FILE_0}\"\n";
			showEnvVarsInLog = 0;
		};
/* End PBXShellScriptBuildPhase section */

/* Begin PBXSourcesBuildPhase section */
		3F4C9B8A256AD53C004748F9 /* Sources */ = {
			isa = PBXSourcesBuildPhase;
			buildActionMask = 2147483647;
			files = (
				3F4C9BB2256B4A22004748F9 /* ConfigVariables.swift in Sources */,
				3F4C9B92256AD53C004748F9 /* AppDelegate.swift in Sources */,
				3F4C9B94256AD53C004748F9 /* SceneDelegate.swift in Sources */,
				3FEBFC5D256C1180003BE7A7 /* SwipeCardView.swift in Sources */,
				3F4C9BA9256B3B2C004748F9 /* StartRoomViewController.swift in Sources */,
				35E736A0256B27E200E10364 /* JoinRoomTableViewController.swift in Sources */,
				3FEBFC5A256C1167003BE7A7 /* StackContainerView.swift in Sources */,
				3FEBFC4A256C0F5C003BE7A7 /* SwipeViewController.swift in Sources */,
			);
			runOnlyForDeploymentPostprocessing = 0;
		};
/* End PBXSourcesBuildPhase section */

/* Begin PBXVariantGroup section */
		3F4C9B97256AD53C004748F9 /* Main.storyboard */ = {
			isa = PBXVariantGroup;
			children = (
				3F4C9B98256AD53C004748F9 /* Base */,
			);
			name = Main.storyboard;
			sourceTree = "<group>";
		};
		3F4C9B9C256AD53E004748F9 /* LaunchScreen.storyboard */ = {
			isa = PBXVariantGroup;
			children = (
				3F4C9B9D256AD53E004748F9 /* Base */,
			);
			name = LaunchScreen.storyboard;
			sourceTree = "<group>";
		};
/* End PBXVariantGroup section */

/* Begin XCBuildConfiguration section */
		3F4C9BA0256AD53E004748F9 /* Debug */ = {
			isa = XCBuildConfiguration;
			buildSettings = {
				ALWAYS_SEARCH_USER_PATHS = NO;
				CLANG_ANALYZER_NONNULL = YES;
				CLANG_ANALYZER_NUMBER_OBJECT_CONVERSION = YES_AGGRESSIVE;
				CLANG_CXX_LANGUAGE_STANDARD = "gnu++14";
				CLANG_CXX_LIBRARY = "libc++";
				CLANG_ENABLE_MODULES = YES;
				CLANG_ENABLE_OBJC_ARC = YES;
				CLANG_ENABLE_OBJC_WEAK = YES;
				CLANG_WARN_BLOCK_CAPTURE_AUTORELEASING = YES;
				CLANG_WARN_BOOL_CONVERSION = YES;
				CLANG_WARN_COMMA = YES;
				CLANG_WARN_CONSTANT_CONVERSION = YES;
				CLANG_WARN_DEPRECATED_OBJC_IMPLEMENTATIONS = YES;
				CLANG_WARN_DIRECT_OBJC_ISA_USAGE = YES_ERROR;
				CLANG_WARN_DOCUMENTATION_COMMENTS = YES;
				CLANG_WARN_EMPTY_BODY = YES;
				CLANG_WARN_ENUM_CONVERSION = YES;
				CLANG_WARN_INFINITE_RECURSION = YES;
				CLANG_WARN_INT_CONVERSION = YES;
				CLANG_WARN_NON_LITERAL_NULL_CONVERSION = YES;
				CLANG_WARN_OBJC_IMPLICIT_RETAIN_SELF = YES;
				CLANG_WARN_OBJC_LITERAL_CONVERSION = YES;
				CLANG_WARN_OBJC_ROOT_CLASS = YES_ERROR;
				CLANG_WARN_QUOTED_INCLUDE_IN_FRAMEWORK_HEADER = YES;
				CLANG_WARN_RANGE_LOOP_ANALYSIS = YES;
				CLANG_WARN_STRICT_PROTOTYPES = YES;
				CLANG_WARN_SUSPICIOUS_MOVE = YES;
				CLANG_WARN_UNGUARDED_AVAILABILITY = YES_AGGRESSIVE;
				CLANG_WARN_UNREACHABLE_CODE = YES;
				CLANG_WARN__DUPLICATE_METHOD_MATCH = YES;
				COPY_PHASE_STRIP = NO;
				DEBUG_INFORMATION_FORMAT = dwarf;
				ENABLE_STRICT_OBJC_MSGSEND = YES;
				ENABLE_TESTABILITY = YES;
				GCC_C_LANGUAGE_STANDARD = gnu11;
				GCC_DYNAMIC_NO_PIC = NO;
				GCC_NO_COMMON_BLOCKS = YES;
				GCC_OPTIMIZATION_LEVEL = 0;
				GCC_PREPROCESSOR_DEFINITIONS = (
					"DEBUG=1",
					"$(inherited)",
				);
				GCC_WARN_64_TO_32_BIT_CONVERSION = YES;
				GCC_WARN_ABOUT_RETURN_TYPE = YES_ERROR;
				GCC_WARN_UNDECLARED_SELECTOR = YES;
				GCC_WARN_UNINITIALIZED_AUTOS = YES_AGGRESSIVE;
				GCC_WARN_UNUSED_FUNCTION = YES;
				GCC_WARN_UNUSED_VARIABLE = YES;
				IPHONEOS_DEPLOYMENT_TARGET = 13.0;
				MTL_ENABLE_DEBUG_INFO = INCLUDE_SOURCE;
				MTL_FAST_MATH = YES;
				ONLY_ACTIVE_ARCH = YES;
				SDKROOT = iphoneos;
				SWIFT_ACTIVE_COMPILATION_CONDITIONS = DEBUG;
				SWIFT_OPTIMIZATION_LEVEL = "-Onone";
			};
			name = Debug;
		};
		3F4C9BA1256AD53E004748F9 /* Release */ = {
			isa = XCBuildConfiguration;
			buildSettings = {
				ALWAYS_SEARCH_USER_PATHS = NO;
				CLANG_ANALYZER_NONNULL = YES;
				CLANG_ANALYZER_NUMBER_OBJECT_CONVERSION = YES_AGGRESSIVE;
				CLANG_CXX_LANGUAGE_STANDARD = "gnu++14";
				CLANG_CXX_LIBRARY = "libc++";
				CLANG_ENABLE_MODULES = YES;
				CLANG_ENABLE_OBJC_ARC = YES;
				CLANG_ENABLE_OBJC_WEAK = YES;
				CLANG_WARN_BLOCK_CAPTURE_AUTORELEASING = YES;
				CLANG_WARN_BOOL_CONVERSION = YES;
				CLANG_WARN_COMMA = YES;
				CLANG_WARN_CONSTANT_CONVERSION = YES;
				CLANG_WARN_DEPRECATED_OBJC_IMPLEMENTATIONS = YES;
				CLANG_WARN_DIRECT_OBJC_ISA_USAGE = YES_ERROR;
				CLANG_WARN_DOCUMENTATION_COMMENTS = YES;
				CLANG_WARN_EMPTY_BODY = YES;
				CLANG_WARN_ENUM_CONVERSION = YES;
				CLANG_WARN_INFINITE_RECURSION = YES;
				CLANG_WARN_INT_CONVERSION = YES;
				CLANG_WARN_NON_LITERAL_NULL_CONVERSION = YES;
				CLANG_WARN_OBJC_IMPLICIT_RETAIN_SELF = YES;
				CLANG_WARN_OBJC_LITERAL_CONVERSION = YES;
				CLANG_WARN_OBJC_ROOT_CLASS = YES_ERROR;
				CLANG_WARN_QUOTED_INCLUDE_IN_FRAMEWORK_HEADER = YES;
				CLANG_WARN_RANGE_LOOP_ANALYSIS = YES;
				CLANG_WARN_STRICT_PROTOTYPES = YES;
				CLANG_WARN_SUSPICIOUS_MOVE = YES;
				CLANG_WARN_UNGUARDED_AVAILABILITY = YES_AGGRESSIVE;
				CLANG_WARN_UNREACHABLE_CODE = YES;
				CLANG_WARN__DUPLICATE_METHOD_MATCH = YES;
				COPY_PHASE_STRIP = NO;
				DEBUG_INFORMATION_FORMAT = "dwarf-with-dsym";
				ENABLE_NS_ASSERTIONS = NO;
				ENABLE_STRICT_OBJC_MSGSEND = YES;
				GCC_C_LANGUAGE_STANDARD = gnu11;
				GCC_NO_COMMON_BLOCKS = YES;
				GCC_WARN_64_TO_32_BIT_CONVERSION = YES;
				GCC_WARN_ABOUT_RETURN_TYPE = YES_ERROR;
				GCC_WARN_UNDECLARED_SELECTOR = YES;
				GCC_WARN_UNINITIALIZED_AUTOS = YES_AGGRESSIVE;
				GCC_WARN_UNUSED_FUNCTION = YES;
				GCC_WARN_UNUSED_VARIABLE = YES;
				IPHONEOS_DEPLOYMENT_TARGET = 13.0;
				MTL_ENABLE_DEBUG_INFO = NO;
				MTL_FAST_MATH = YES;
				SDKROOT = iphoneos;
				SWIFT_COMPILATION_MODE = wholemodule;
				SWIFT_OPTIMIZATION_LEVEL = "-O";
				VALIDATE_PRODUCT = YES;
			};
			name = Release;
		};
		3F4C9BA3256AD53E004748F9 /* Debug */ = {
			isa = XCBuildConfiguration;
			baseConfigurationReference = B12C738AA66159D301C7B919 /* Pods-foodtindr2.debug.xcconfig */;
			buildSettings = {
				ASSETCATALOG_COMPILER_APPICON_NAME = AppIcon;
				ASSETCATALOG_COMPILER_GLOBAL_ACCENT_COLOR_NAME = AccentColor;
				CODE_SIGN_STYLE = Automatic;
				DEVELOPMENT_TEAM = 6YM2AY93R2;
				INFOPLIST_FILE = foodtindr2/Info.plist;
				LD_RUNPATH_SEARCH_PATHS = (
					"$(inherited)",
					"@executable_path/Frameworks",
				);
				PRODUCT_BUNDLE_IDENTIFIER = com.hao.foodtindr2;
				PRODUCT_NAME = "$(TARGET_NAME)";
				SWIFT_VERSION = 5.0;
				TARGETED_DEVICE_FAMILY = 1;
			};
			name = Debug;
		};
		3F4C9BA4256AD53E004748F9 /* Release */ = {
			isa = XCBuildConfiguration;
			baseConfigurationReference = EC2EEBA892FF2A92CAFE7421 /* Pods-foodtindr2.release.xcconfig */;
			buildSettings = {
				ASSETCATALOG_COMPILER_APPICON_NAME = AppIcon;
				ASSETCATALOG_COMPILER_GLOBAL_ACCENT_COLOR_NAME = AccentColor;
				CODE_SIGN_STYLE = Automatic;
				DEVELOPMENT_TEAM = 6YM2AY93R2;
				INFOPLIST_FILE = foodtindr2/Info.plist;
				LD_RUNPATH_SEARCH_PATHS = (
					"$(inherited)",
					"@executable_path/Frameworks",
				);
				PRODUCT_BUNDLE_IDENTIFIER = com.hao.foodtindr2;
				PRODUCT_NAME = "$(TARGET_NAME)";
				SWIFT_VERSION = 5.0;
				TARGETED_DEVICE_FAMILY = 1;
			};
			name = Release;
		};
/* End XCBuildConfiguration section */

/* Begin XCConfigurationList section */
		3F4C9B89256AD53C004748F9 /* Build configuration list for PBXProject "foodtindr2" */ = {
			isa = XCConfigurationList;
			buildConfigurations = (
				3F4C9BA0256AD53E004748F9 /* Debug */,
				3F4C9BA1256AD53E004748F9 /* Release */,
			);
			defaultConfigurationIsVisible = 0;
			defaultConfigurationName = Release;
		};
		3F4C9BA2256AD53E004748F9 /* Build configuration list for PBXNativeTarget "foodtindr2" */ = {
			isa = XCConfigurationList;
			buildConfigurations = (
				3F4C9BA3256AD53E004748F9 /* Debug */,
				3F4C9BA4256AD53E004748F9 /* Release */,
			);
			defaultConfigurationIsVisible = 0;
			defaultConfigurationName = Release;
		};
/* End XCConfigurationList section */
	};
	rootObject = 3F4C9B86256AD53C004748F9 /* Project object */;
}
